
Microsoft Visual Studio Solution File, Format Version 12.00
# Visual Studio Version 17
VisualStudioVersion = 17.7.34003.232
MinimumVisualStudioVersion = 10.0.40219.1
Project("{FAE04EC0-301F-11D3-BF4B-00C04F79EFBC}") = "SQLSelectInsertUpdate", "SQLSelectInsertUpdate\SQLSelectInsertUpdate.csproj", "{339C97FF-A141-4CF1-BE31-238D7A02888B}"
EndProject
Global
	GlobalSection(SolutionConfigurationPlatforms) = preSolution
		Debug|Any CPU = Debug|Any CPU
		Release|Any CPU = Release|Any CPU
	EndGlobalSection
	GlobalSection(ProjectConfigurationPlatforms) = postSolution
		{339C97FF-A141-4CF1-BE31-238D7A02888B}.Debug|Any CPU.ActiveCfg = Debug|Any CPU
		{339C97FF-A141-4CF1-BE31-238D7A02888B}.Debug|Any CPU.Build.0 = Debug|Any CPU
		{339C97FF-A141-4CF1-BE31-238D7A02888B}.Release|Any CPU.ActiveCfg = Release|Any CPU
		{339C97FF-A141-4CF1-BE31-238D7A02888B}.Release|Any CPU.Build.0 = Release|Any CPU
	EndGlobalSection
	GlobalSection(SolutionProperties) = preSolution
		HideSolutionNode = FALSE
	EndGlobalSection
	GlobalSection(ExtensibilityGlobals) = postSolution
		SolutionGuid = {8382241B-8E86-472A-8C27-8BF1D709FBC8}
	EndGlobalSection
EndGlobal
